// !$*UTF8*$!
{
	archiveVersion = 1;
	classes = {
	};
	objectVersion = 46;
	objects = {

/* Begin PBXBuildFile section */
		6CFE15A91CC1287200D2391D /* main.cpp in Sources */ = {isa = PBXBuildFile; fileRef = 6CFE15A81CC1287200D2391D /* main.cpp */; };
		6CFE15B11CC13B9500D2391D /* flotation.cpp in Sources */ = {isa = PBXBuildFile; fileRef = 6CFE15B01CC13B9500D2391D /* flotation.cpp */; };
/* End PBXBuildFile section */

/* Begin PBXCopyFilesBuildPhase section */
		6CFE15A31CC1287200D2391D /* CopyFiles */ = {
			isa = PBXCopyFilesBuildPhase;
			buildActionMask = 2147483647;
			dstPath = /usr/share/man/man1/;
			dstSubfolderSpec = 0;
			files = (
			);
			runOnlyForDeploymentPostprocessing = 1;
		};
/* End PBXCopyFilesBuildPhase section */

/* Begin PBXFileReference section */
		6C6B39201CC3702400D49799 /* Eigen */ = {isa = PBXFileReference; lastKnownFileType = folder; path = Eigen; sourceTree = "<group>"; };
		6C78B5D21CC43DDF004EEAA5 /* testing-image.bmp */ = {isa = PBXFileReference; lastKnownFileType = image.bmp; path = "testing-image.bmp"; sourceTree = "<group>"; };
		6CA582D61CC4251A003BD4D4 /* README.txt */ = {isa = PBXFileReference; fileEncoding = 4; lastKnownFileType = text; path = README.txt; sourceTree = "<group>"; };
		6CD4DA2C1CC410320067D54D /* model-parameters.yml */ = {isa = PBXFileReference; fileEncoding = 4; lastKnownFileType = text; path = "model-parameters.yml"; sourceTree = "<group>"; };
		6CDDD7CB1CD6148B00AA5225 /* flotation-process.py */ = {isa = PBXFileReference; fileEncoding = 4; lastKnownFileType = text.script.python; path = "flotation-process.py"; sourceTree = "<group>"; };
		6CE3F6051CC97F4F0021B3FA /* profiling.h */ = {isa = PBXFileReference; lastKnownFileType = sourcecode.c.h; path = profiling.h; sourceTree = "<group>"; };
		6CFE15A51CC1287200D2391D /* delftdemo */ = {isa = PBXFileReference; explicitFileType = "compiled.mach-o.executable"; includeInIndex = 0; path = delftdemo; sourceTree = BUILT_PRODUCTS_DIR; };
		6CFE15A81CC1287200D2391D /* main.cpp */ = {isa = PBXFileReference; lastKnownFileType = sourcecode.cpp.cpp; path = main.cpp; sourceTree = "<group>"; };
		6CFE15AF1CC129DD00D2391D /* flotation.h */ = {isa = PBXFileReference; lastKnownFileType = sourcecode.c.h; path = flotation.h; sourceTree = "<group>"; };
		6CFE15B01CC13B9500D2391D /* flotation.cpp */ = {isa = PBXFileReference; fileEncoding = 4; lastKnownFileType = sourcecode.cpp.cpp; path = flotation.cpp; sourceTree = "<group>"; };
		6CFE15B21CC13C3600D2391D /* todo.txt */ = {isa = PBXFileReference; fileEncoding = 4; lastKnownFileType = text; path = todo.txt; sourceTree = "<group>"; };
		6CFE15B31CC1560700D2391D /* bitmap_image.hpp */ = {isa = PBXFileReference; fileEncoding = 4; lastKnownFileType = sourcecode.cpp.h; path = bitmap_image.hpp; sourceTree = "<group>"; };
/* End PBXFileReference section */

/* Begin PBXFrameworksBuildPhase section */
		6CFE15A21CC1287200D2391D /* Frameworks */ = {
			isa = PBXFrameworksBuildPhase;
			buildActionMask = 2147483647;
			files = (
			);
			runOnlyForDeploymentPostprocessing = 0;
		};
/* End PBXFrameworksBuildPhase section */

/* Begin PBXGroup section */
		6CFE159C1CC1287200D2391D = {
			isa = PBXGroup;
			children = (
				6CFE15A71CC1287200D2391D /* delftdemo */,
				6CFE15A61CC1287200D2391D /* Products */,
			);
			sourceTree = "<group>";
		};
		6CFE15A61CC1287200D2391D /* Products */ = {
			isa = PBXGroup;
			children = (
				6CFE15A51CC1287200D2391D /* delftdemo */,
			);
			name = Products;
			sourceTree = "<group>";
		};
		6CFE15A71CC1287200D2391D /* delftdemo */ = {
			isa = PBXGroup;
			children = (
				6CE3F6051CC97F4F0021B3FA /* profiling.h */,
				6CFE15A81CC1287200D2391D /* main.cpp */,
				6CDDD7CB1CD6148B00AA5225 /* flotation-process.py */,
				6C78B5D21CC43DDF004EEAA5 /* testing-image.bmp */,
				6CA582D61CC4251A003BD4D4 /* README.txt */,
				6CFE15AF1CC129DD00D2391D /* flotation.h */,
				6CFE15B01CC13B9500D2391D /* flotation.cpp */,
				6CD4DA2C1CC410320067D54D /* model-parameters.yml */,
				6CFE15B31CC1560700D2391D /* bitmap_image.hpp */,
				6CFE15B21CC13C3600D2391D /* todo.txt */,
				6C6B39201CC3702400D49799 /* Eigen */,
			);
			path = delftdemo;
			sourceTree = "<group>";
		};
/* End PBXGroup section */

/* Begin PBXNativeTarget section */
		6CFE15A41CC1287200D2391D /* delftdemo */ = {
			isa = PBXNativeTarget;
			buildConfigurationList = 6CFE15AC1CC1287200D2391D /* Build configuration list for PBXNativeTarget "delftdemo" */;
			buildPhases = (
				6CFE15A11CC1287200D2391D /* Sources */,
				6CFE15A21CC1287200D2391D /* Frameworks */,
				6CFE15A31CC1287200D2391D /* CopyFiles */,
			);
			buildRules = (
			);
			dependencies = (
			);
			name = delftdemo;
			productName = delftdemo;
			productReference = 6CFE15A51CC1287200D2391D /* delftdemo */;
			productType = "com.apple.product-type.tool";
		};
/* End PBXNativeTarget section */

/* Begin PBXProject section */
		6CFE159D1CC1287200D2391D /* Project object */ = {
			isa = PBXProject;
			attributes = {
				LastUpgradeCheck = 0730;
				ORGANIZATIONNAME = "Kevin Dunn";
				TargetAttributes = {
					6CFE15A41CC1287200D2391D = {
						CreatedOnToolsVersion = 7.3;
					};
				};
			};
			buildConfigurationList = 6CFE15A01CC1287200D2391D /* Build configuration list for PBXProject "delftdemo" */;
			compatibilityVersion = "Xcode 3.2";
			developmentRegion = English;
			hasScannedForEncodings = 0;
			knownRegions = (
				en,
			);
			mainGroup = 6CFE159C1CC1287200D2391D;
			productRefGroup = 6CFE15A61CC1287200D2391D /* Products */;
			projectDirPath = "";
			projectRoot = "";
			targets = (
				6CFE15A41CC1287200D2391D /* delftdemo */,
			);
		};
/* End PBXProject section */

/* Begin PBXSourcesBuildPhase section */
		6CFE15A11CC1287200D2391D /* Sources */ = {
			isa = PBXSourcesBuildPhase;
			buildActionMask = 2147483647;
			files = (
				6CFE15B11CC13B9500D2391D /* flotation.cpp in Sources */,
				6CFE15A91CC1287200D2391D /* main.cpp in Sources */,
			);
			runOnlyForDeploymentPostprocessing = 0;
		};
/* End PBXSourcesBuildPhase section */

/* Begin XCBuildConfiguration section */
		6CFE15AA1CC1287200D2391D /* Debug */ = {
			isa = XCBuildConfiguration;
			buildSettings = {
				ALWAYS_SEARCH_USER_PATHS = NO;
				CLANG_ANALYZER_NONNULL = YES;
				CLANG_CXX_LANGUAGE_STANDARD = "gnu++0x";
				CLANG_CXX_LIBRARY = "libc++";
				CLANG_ENABLE_MODULES = YES;
				CLANG_ENABLE_OBJC_ARC = YES;
				CLANG_WARN_BOOL_CONVERSION = YES;
				CLANG_WARN_CONSTANT_CONVERSION = YES;
				CLANG_WARN_DIRECT_OBJC_ISA_USAGE = YES_ERROR;
				CLANG_WARN_EMPTY_BODY = YES;
				CLANG_WARN_ENUM_CONVERSION = YES;
				CLANG_WARN_INT_CONVERSION = YES;
				CLANG_WARN_OBJC_ROOT_CLASS = YES_ERROR;
				CLANG_WARN_UNREACHABLE_CODE = YES;
				CLANG_WARN__DUPLICATE_METHOD_MATCH = YES;
				CODE_SIGN_IDENTITY = "-";
				COPY_PHASE_STRIP = NO;
				DEBUG_INFORMATION_FORMAT = dwarf;
				ENABLE_STRICT_OBJC_MSGSEND = YES;
				ENABLE_TESTABILITY = YES;
				GCC_C_LANGUAGE_STANDARD = gnu99;
				GCC_DYNAMIC_NO_PIC = NO;
				GCC_NO_COMMON_BLOCKS = YES;
				GCC_OPTIMIZATION_LEVEL = 0;
				GCC_PREPROCESSOR_DEFINITIONS = (
					"DEBUG=1",
					"$(inherited)",
				);
				GCC_WARN_64_TO_32_BIT_CONVERSION = YES;
				GCC_WARN_ABOUT_RETURN_TYPE = YES_ERROR;
				GCC_WARN_UNDECLARED_SELECTOR = YES;
				GCC_WARN_UNINITIALIZED_AUTOS = YES_AGGRESSIVE;
				GCC_WARN_UNUSED_FUNCTION = YES;
				GCC_WARN_UNUSED_VARIABLE = YES;
				MACOSX_DEPLOYMENT_TARGET = 10.11;
				MTL_ENABLE_DEBUG_INFO = YES;
				ONLY_ACTIVE_ARCH = YES;
				SDKROOT = macosx;
			};
			name = Debug;
		};
		6CFE15AB1CC1287200D2391D /* Release */ = {
			isa = XCBuildConfiguration;
			buildSettings = {
				ALWAYS_SEARCH_USER_PATHS = NO;
				CLANG_ANALYZER_NONNULL = YES;
				CLANG_CXX_LANGUAGE_STANDARD = "gnu++0x";
				CLANG_CXX_LIBRARY = "libc++";
				CLANG_ENABLE_MODULES = YES;
				CLANG_ENABLE_OBJC_ARC = YES;
				CLANG_WARN_BOOL_CONVERSION = YES;
				CLANG_WARN_CONSTANT_CONVERSION = YES;
				CLANG_WARN_DIRECT_OBJC_ISA_USAGE = YES_ERROR;
				CLANG_WARN_EMPTY_BODY = YES;
				CLANG_WARN_ENUM_CONVERSION = YES;
				CLANG_WARN_INT_CONVERSION = YES;
				CLANG_WARN_OBJC_ROOT_CLASS = YES_ERROR;
				CLANG_WARN_UNREACHABLE_CODE = YES;
				CLANG_WARN__DUPLICATE_METHOD_MATCH = YES;
				CODE_SIGN_IDENTITY = "-";
				COPY_PHASE_STRIP = NO;
				DEBUG_INFORMATION_FORMAT = "dwarf-with-dsym";
				ENABLE_NS_ASSERTIONS = NO;
				ENABLE_STRICT_OBJC_MSGSEND = YES;
				GCC_C_LANGUAGE_STANDARD = gnu99;
				GCC_NO_COMMON_BLOCKS = YES;
				GCC_WARN_64_TO_32_BIT_CONVERSION = YES;
				GCC_WARN_ABOUT_RETURN_TYPE = YES_ERROR;
				GCC_WARN_UNDECLARED_SELECTOR = YES;
				GCC_WARN_UNINITIALIZED_AUTOS = YES_AGGRESSIVE;
				GCC_WARN_UNUSED_FUNCTION = YES;
				GCC_WARN_UNUSED_VARIABLE = YES;
				MACOSX_DEPLOYMENT_TARGET = 10.11;
				MTL_ENABLE_DEBUG_INFO = NO;
				SDKROOT = macosx;
			};
			name = Release;
		};
		6CFE15AD1CC1287200D2391D /* Debug */ = {
			isa = XCBuildConfiguration;
			buildSettings = {
				HEADER_SEARCH_PATHS = (
					/usr/local/include,
					"/anaconda3/pkgs/python-3.5.1-0/include/python3.5m",
				);
				LIBRARY_SEARCH_PATHS = (
					/usr/local/lib,
					"/anaconda3/pkgs/python-3.5.1-0/include/python3.5m/",
				);
				OTHER_LDFLAGS = (
					"-lopencv_calib3d",
					"-lopencv_core",
					"-lopencv_features2d",
					"-lopencv_flann",
					"-lopencv_highgui",
					"-lopencv_imgcodecs",
					"-lopencv_imgproc",
					"-lopencv_ml",
					"-lopencv_objdetect",
					"-lopencv_photo",
					"-lopencv_shape",
					"-lopencv_stitching",
					"-lopencv_superres",
					"-lopencv_ts",
					"-lopencv_video",
					"-lopencv_videoio",
					"-lopencv_videostab",
					"-lboost_system",
					"-lboost_filesystem",
					"-lboost_python",
					"-lfftw3",
					"-lm",
				);
				PRODUCT_NAME = "$(TARGET_NAME)";
			};
			name = Debug;
		};
		6CFE15AE1CC1287200D2391D /* Release */ = {
			isa = XCBuildConfiguration;
			buildSettings = {
				HEADER_SEARCH_PATHS = (
					/usr/local/include,
					"/anaconda3/pkgs/python-3.5.1-0/include/python3.5m",
				);
				LIBRARY_SEARCH_PATHS = (
					/usr/local/lib,
					"/anaconda3/pkgs/python-3.5.1-0/include/python3.5m/",
				);
				OTHER_LDFLAGS = (
					"-lopencv_calib3d",
					"-lopencv_core",
					"-lopencv_features2d",
					"-lopencv_flann",
					"-lopencv_highgui\n",
					"-lopencv_imgcodecs",
					"-lopencv_imgproc",
					"-lopencv_ml",
					"-lopencv_objdetect",
					"-lopencv_photo",
					"
",
					"-lopencv_shape",
					"-lopencv_stitching",
					"-lopencv_superres",
					"-lopencv_ts",
					"-lopencv_video",
					"
",
					"-lopencv_videoio",
					"-lopencv_videostab",
					"-lboost_system",
					"-lboost_filesystem",
					"-lboost_python",
					"-lfftw3",
					"-lm",
				);
				PRODUCT_NAME = "$(TARGET_NAME)";
			};
			name = Release;
		};
/* End XCBuildConfiguration section */

/* Begin XCConfigurationList section */
		6CFE15A01CC1287200D2391D /* Build configuration list for PBXProject "delftdemo" */ = {
			isa = XCConfigurationList;
			buildConfigurations = (
				6CFE15AA1CC1287200D2391D /* Debug */,
				6CFE15AB1CC1287200D2391D /* Release */,
			);
			defaultConfigurationIsVisible = 0;
			defaultConfigurationName = Release;
		};
		6CFE15AC1CC1287200D2391D /* Build configuration list for PBXNativeTarget "delftdemo" */ = {
			isa = XCConfigurationList;
			buildConfigurations = (
				6CFE15AD1CC1287200D2391D /* Debug */,
				6CFE15AE1CC1287200D2391D /* Release */,
			);
			defaultConfigurationIsVisible = 0;
			defaultConfigurationName = Release;
		};
/* End XCConfigurationList section */
	};
	rootObject = 6CFE159D1CC1287200D2391D /* Project object */;
}
